Microsoft Visual Studio Solution File, Format Version 12.00
# Visual Studio 2012
Project("{FAE04EC0-301F-11D3-BF4B-00C04F79EFBC}") = "Heroes9", "Heroes9.csproj", "{ED02C3E4-2B12-4BA8-B771-8827BB09D2D1}"
EndProject
Global
	GlobalSection(SolutionConfigurationPlatforms) = preSolution
	Debug|Any CPU = Debug|Any CPU
	ExportDebug|Any CPU = ExportDebug|Any CPU
	ExportRelease|Any CPU = ExportRelease|Any CPU
	EndGlobalSection
	GlobalSection(ProjectConfigurationPlatforms) = postSolution
		{ED02C3E4-2B12-4BA8-B771-8827BB09D2D1}.Debug|Any CPU.ActiveCfg = Debug|Any CPU
		{ED02C3E4-2B12-4BA8-B771-8827BB09D2D1}.Debug|Any CPU.Build.0 = Debug|Any CPU
		{ED02C3E4-2B12-4BA8-B771-8827BB09D2D1}.ExportDebug|Any CPU.ActiveCfg = ExportDebug|Any CPU
		{ED02C3E4-2B12-4BA8-B771-8827BB09D2D1}.ExportDebug|Any CPU.Build.0 = ExportDebug|Any CPU
		{ED02C3E4-2B12-4BA8-B771-8827BB09D2D1}.ExportRelease|Any CPU.ActiveCfg = ExportRelease|Any CPU
		{ED02C3E4-2B12-4BA8-B771-8827BB09D2D1}.ExportRelease|Any CPU.Build.0 = ExportRelease|Any CPU
	EndGlobalSection
EndGlobal
